// !$*UTF8*$!
{
	archiveVersion = 1;
	classes = {
	};
	objectVersion = 50;
	objects = {

/* Begin PBXAggregateTarget section */
		395193E521345B8E008F961C /* UniversalAdnuntiusSDK */ = {
			isa = PBXAggregateTarget;
			buildConfigurationList = 395193E621345B8E008F961C /* Build configuration list for PBXAggregateTarget "UniversalAdnuntiusSDK" */;
			buildPhases = (
				395193E921345B93008F961C /* ShellScript */,
			);
			dependencies = (
			);
			name = UniversalAdnuntiusSDK;
			productName = UniversalAdnuntiusSDK;
		};
/* End PBXAggregateTarget section */

/* Begin PBXBuildFile section */
		39143D1D21412EEB0072614B /* Ad.swift in Sources */ = {isa = PBXBuildFile; fileRef = 39143D1C21412EEB0072614B /* Ad.swift */; };
		39143D1F21412F430072614B /* Asset.swift in Sources */ = {isa = PBXBuildFile; fileRef = 39143D1E21412F430072614B /* Asset.swift */; };
		39143D2121412F680072614B /* Image.swift in Sources */ = {isa = PBXBuildFile; fileRef = 39143D2021412F680072614B /* Image.swift */; };
		39143D23214130A20072614B /* AdApi.swift in Sources */ = {isa = PBXBuildFile; fileRef = 39143D22214130A20072614B /* AdApi.swift */; };
		395193DD21345ABE008F961C /* AdnuntiusSDK.h in Headers */ = {isa = PBXBuildFile; fileRef = 395193DB21345ABE008F961C /* AdnuntiusSDK.h */; settings = {ATTRIBUTES = (Public, ); }; };
		395193E421345ADF008F961C /* AdnuntiusSDK.swift in Sources */ = {isa = PBXBuildFile; fileRef = 395193E321345ADF008F961C /* AdnuntiusSDK.swift */; };
		395193FE21345D91008F961C /* AdnuntiusAdView.swift in Sources */ = {isa = PBXBuildFile; fileRef = 395193FD21345D91008F961C /* AdnuntiusAdView.swift */; };
		3951941D2134835F008F961C /* APIService.swift in Sources */ = {isa = PBXBuildFile; fileRef = 3951941C2134835F008F961C /* APIService.swift */; };
		3951942021348C6F008F961C /* AdUnit.swift in Sources */ = {isa = PBXBuildFile; fileRef = 3951941F21348C6F008F961C /* AdUnit.swift */; };
		3951942221348E70008F961C /* UIImageViewExtension.swift in Sources */ = {isa = PBXBuildFile; fileRef = 3951942121348E70008F961C /* UIImageViewExtension.swift */; };
		39519424213AFA9C008F961C /* AdnuntiusAdWebView.swift in Sources */ = {isa = PBXBuildFile; fileRef = 39519423213AFA9C008F961C /* AdnuntiusAdWebView.swift */; };
/* End PBXBuildFile section */

/* Begin PBXFileReference section */
		39143D1C21412EEB0072614B /* Ad.swift */ = {isa = PBXFileReference; lastKnownFileType = sourcecode.swift; path = Ad.swift; sourceTree = "<group>"; };
		39143D1E21412F430072614B /* Asset.swift */ = {isa = PBXFileReference; lastKnownFileType = sourcecode.swift; path = Asset.swift; sourceTree = "<group>"; };
		39143D2021412F680072614B /* Image.swift */ = {isa = PBXFileReference; lastKnownFileType = sourcecode.swift; path = Image.swift; sourceTree = "<group>"; };
		39143D22214130A20072614B /* AdApi.swift */ = {isa = PBXFileReference; lastKnownFileType = sourcecode.swift; path = AdApi.swift; sourceTree = "<group>"; };
		395193D821345ABE008F961C /* AdnuntiusSDK.framework */ = {isa = PBXFileReference; explicitFileType = wrapper.framework; includeInIndex = 0; path = AdnuntiusSDK.framework; sourceTree = BUILT_PRODUCTS_DIR; };
		395193DB21345ABE008F961C /* AdnuntiusSDK.h */ = {isa = PBXFileReference; lastKnownFileType = sourcecode.c.h; path = AdnuntiusSDK.h; sourceTree = "<group>"; };
		395193DC21345ABE008F961C /* Info.plist */ = {isa = PBXFileReference; lastKnownFileType = text.plist.xml; path = Info.plist; sourceTree = "<group>"; };
		395193E321345ADF008F961C /* AdnuntiusSDK.swift */ = {isa = PBXFileReference; lastKnownFileType = sourcecode.swift; path = AdnuntiusSDK.swift; sourceTree = "<group>"; };
		395193FD21345D91008F961C /* AdnuntiusAdView.swift */ = {isa = PBXFileReference; lastKnownFileType = sourcecode.swift; path = AdnuntiusAdView.swift; sourceTree = "<group>"; };
		3951941C2134835F008F961C /* APIService.swift */ = {isa = PBXFileReference; lastKnownFileType = sourcecode.swift; path = APIService.swift; sourceTree = "<group>"; };
		3951941F21348C6F008F961C /* AdUnit.swift */ = {isa = PBXFileReference; lastKnownFileType = sourcecode.swift; path = AdUnit.swift; sourceTree = "<group>"; };
		3951942121348E70008F961C /* UIImageViewExtension.swift */ = {isa = PBXFileReference; lastKnownFileType = sourcecode.swift; path = UIImageViewExtension.swift; sourceTree = "<group>"; };
		39519423213AFA9C008F961C /* AdnuntiusAdWebView.swift */ = {isa = PBXFileReference; lastKnownFileType = sourcecode.swift; path = AdnuntiusAdWebView.swift; sourceTree = "<group>"; };
/* End PBXFileReference section */

/* Begin PBXFrameworksBuildPhase section */
		395193D421345ABE008F961C /* Frameworks */ = {
			isa = PBXFrameworksBuildPhase;
			buildActionMask = 2147483647;
			files = (
			);
			runOnlyForDeploymentPostprocessing = 0;
		};
/* End PBXFrameworksBuildPhase section */

/* Begin PBXGroup section */
		395193CE21345ABE008F961C = {
			isa = PBXGroup;
			children = (
				395193DA21345ABE008F961C /* AdnuntiusSDK */,
				395193D921345ABE008F961C /* Products */,
				3951941821347823008F961C /* Frameworks */,
			);
			sourceTree = "<group>";
		};
		395193D921345ABE008F961C /* Products */ = {
			isa = PBXGroup;
			children = (
				395193D821345ABE008F961C /* AdnuntiusSDK.framework */,
			);
			name = Products;
			sourceTree = "<group>";
		};
		395193DA21345ABE008F961C /* AdnuntiusSDK */ = {
			isa = PBXGroup;
			children = (
				3951941E21348C52008F961C /* Models */,
				395193DB21345ABE008F961C /* AdnuntiusSDK.h */,
				395193DC21345ABE008F961C /* Info.plist */,
				395193E321345ADF008F961C /* AdnuntiusSDK.swift */,
				395193FD21345D91008F961C /* AdnuntiusAdView.swift */,
				39519423213AFA9C008F961C /* AdnuntiusAdWebView.swift */,
				3951941C2134835F008F961C /* APIService.swift */,
				3951942121348E70008F961C /* UIImageViewExtension.swift */,
			);
			path = AdnuntiusSDK;
			sourceTree = "<group>";
		};
		3951941821347823008F961C /* Frameworks */ = {
			isa = PBXGroup;
			children = (
			);
			name = Frameworks;
			sourceTree = "<group>";
		};
		3951941E21348C52008F961C /* Models */ = {
			isa = PBXGroup;
			children = (
				3951941F21348C6F008F961C /* AdUnit.swift */,
				39143D1C21412EEB0072614B /* Ad.swift */,
				39143D1E21412F430072614B /* Asset.swift */,
				39143D2021412F680072614B /* Image.swift */,
				39143D22214130A20072614B /* AdApi.swift */,
			);
			path = Models;
			sourceTree = "<group>";
		};
/* End PBXGroup section */

/* Begin PBXHeadersBuildPhase section */
		395193D521345ABE008F961C /* Headers */ = {
			isa = PBXHeadersBuildPhase;
			buildActionMask = 2147483647;
			files = (
				395193DD21345ABE008F961C /* AdnuntiusSDK.h in Headers */,
			);
			runOnlyForDeploymentPostprocessing = 0;
		};
/* End PBXHeadersBuildPhase section */

/* Begin PBXNativeTarget section */
		395193D721345ABE008F961C /* AdnuntiusSDK */ = {
			isa = PBXNativeTarget;
			buildConfigurationList = 395193E021345ABE008F961C /* Build configuration list for PBXNativeTarget "AdnuntiusSDK" */;
			buildPhases = (
				395193D321345ABE008F961C /* Sources */,
				395193D421345ABE008F961C /* Frameworks */,
				395193D521345ABE008F961C /* Headers */,
				395193D621345ABE008F961C /* Resources */,
			);
			buildRules = (
			);
			dependencies = (
			);
			name = AdnuntiusSDK;
			productName = AdnuntiusSDK;
			productReference = 395193D821345ABE008F961C /* AdnuntiusSDK.framework */;
			productType = "com.apple.product-type.framework";
		};
/* End PBXNativeTarget section */

/* Begin PBXProject section */
		395193CF21345ABE008F961C /* Project object */ = {
			isa = PBXProject;
			attributes = {
				LastUpgradeCheck = 0940;
				ORGANIZATIONNAME = "Mateusz Grzywa";
				TargetAttributes = {
					395193D721345ABE008F961C = {
						CreatedOnToolsVersion = 9.4.1;
						LastSwiftMigration = 0940;
					};
					395193E521345B8E008F961C = {
						CreatedOnToolsVersion = 9.4.1;
					};
				};
			};
			buildConfigurationList = 395193D221345ABE008F961C /* Build configuration list for PBXProject "AdnuntiusSDK" */;
			compatibilityVersion = "Xcode 9.3";
			developmentRegion = en;
			hasScannedForEncodings = 0;
			knownRegions = (
				en,
			);
			mainGroup = 395193CE21345ABE008F961C;
			productRefGroup = 395193D921345ABE008F961C /* Products */;
			projectDirPath = "";
			projectRoot = "";
			targets = (
				395193D721345ABE008F961C /* AdnuntiusSDK */,
				395193E521345B8E008F961C /* UniversalAdnuntiusSDK */,
			);
		};
/* End PBXProject section */

/* Begin PBXResourcesBuildPhase section */
		395193D621345ABE008F961C /* Resources */ = {
			isa = PBXResourcesBuildPhase;
			buildActionMask = 2147483647;
			files = (
			);
			runOnlyForDeploymentPostprocessing = 0;
		};
/* End PBXResourcesBuildPhase section */

/* Begin PBXShellScriptBuildPhase section */
		395193E921345B93008F961C /* ShellScript */ = {
			isa = PBXShellScriptBuildPhase;
			buildActionMask = 2147483647;
			files = (
			);
			inputPaths = (
			);
			outputPaths = (
			);
			runOnlyForDeploymentPostprocessing = 0;
			shellPath = /bin/sh;
			shellScript = "#!/bin/sh\n\nUNIVERSAL_OUTPUTFOLDER=${BUILD_DIR}/${CONFIGURATION}-universal\n\nmkdir -p \"${UNIVERSAL_OUTPUTFOLDER}\"\n\nxcodebuild -target \"${PROJECT_NAME}\" ONLY_ACTIVE_ARCH=NO -configuration ${CONFIGURATION} -sdk iphoneos  BUILD_DIR=\"${BUILD_DIR}\" BUILD_ROOT=\"${BUILD_ROOT}\" clean build\nxcodebuild -target \"${PROJECT_NAME}\" -configuration ${CONFIGURATION} -sdk iphonesimulator ONLY_ACTIVE_ARCH=NO BUILD_DIR=\"${BUILD_DIR}\" BUILD_ROOT=\"${BUILD_ROOT}\" clean build\n\ncp -R \"${BUILD_DIR}/${CONFIGURATION}-iphoneos/${PROJECT_NAME}.framework\" \"${UNIVERSAL_OUTPUTFOLDER}/\"\n\nSIMULATOR_SWIFT_MODULES_DIR=\"${BUILD_DIR}/${CONFIGURATION}-iphonesimulator/${PROJECT_NAME}.framework/Modules/${PROJECT_NAME}.swiftmodule/.\"\nif [ -d \"${SIMULATOR_SWIFT_MODULES_DIR}\" ]; then\ncp -R \"${SIMULATOR_SWIFT_MODULES_DIR}\" \"${UNIVERSAL_OUTPUTFOLDER}/${PROJECT_NAME}.framework/Modules/${PROJECT_NAME}.swiftmodule\"\nfi\n\nlipo -create -output \"${UNIVERSAL_OUTPUTFOLDER}/${PROJECT_NAME}.framework/${PROJECT_NAME}\" \"${BUILD_DIR}/${CONFIGURATION}-iphonesimulator/${PROJECT_NAME}.framework/${PROJECT_NAME}\" \"${BUILD_DIR}/${CONFIGURATION}-iphoneos/${PROJECT_NAME}.framework/${PROJECT_NAME}\"\n\ncp -R \"${UNIVERSAL_OUTPUTFOLDER}/${PROJECT_NAME}.framework\" \"${PROJECT_DIR}\"\n\nopen \"${PROJECT_DIR}\"\n";
		};
/* End PBXShellScriptBuildPhase section */

/* Begin PBXSourcesBuildPhase section */
		395193D321345ABE008F961C /* Sources */ = {
			isa = PBXSourcesBuildPhase;
			buildActionMask = 2147483647;
			files = (
				3951942221348E70008F961C /* UIImageViewExtension.swift in Sources */,
				39143D2121412F680072614B /* Image.swift in Sources */,
				395193E421345ADF008F961C /* AdnuntiusSDK.swift in Sources */,
				39143D1D21412EEB0072614B /* Ad.swift in Sources */,
				39519424213AFA9C008F961C /* AdnuntiusAdWebView.swift in Sources */,
				39143D23214130A20072614B /* AdApi.swift in Sources */,
				3951941D2134835F008F961C /* APIService.swift in Sources */,
				39143D1F21412F430072614B /* Asset.swift in Sources */,
				3951942021348C6F008F961C /* AdUnit.swift in Sources */,
				395193FE21345D91008F961C /* AdnuntiusAdView.swift in Sources */,
			);
			runOnlyForDeploymentPostprocessing = 0;
		};
/* End PBXSourcesBuildPhase section */

/* Begin XCBuildConfiguration section */
		395193DE21345ABE008F961C /* Debug */ = {
			isa = XCBuildConfiguration;
			buildSettings = {
				ALWAYS_SEARCH_USER_PATHS = NO;
				CLANG_ANALYZER_NONNULL = YES;
				CLANG_ANALYZER_NUMBER_OBJECT_CONVERSION = YES_AGGRESSIVE;
				CLANG_CXX_LANGUAGE_STANDARD = "gnu++14";
				CLANG_CXX_LIBRARY = "libc++";
				CLANG_ENABLE_MODULES = YES;
				CLANG_ENABLE_OBJC_ARC = YES;
				CLANG_ENABLE_OBJC_WEAK = YES;
				CLANG_WARN_BLOCK_CAPTURE_AUTORELEASING = YES;
				CLANG_WARN_BOOL_CONVERSION = YES;
				CLANG_WARN_COMMA = YES;
				CLANG_WARN_CONSTANT_CONVERSION = YES;
				CLANG_WARN_DEPRECATED_OBJC_IMPLEMENTATIONS = YES;
				CLANG_WARN_DIRECT_OBJC_ISA_USAGE = YES_ERROR;
				CLANG_WARN_DOCUMENTATION_COMMENTS = YES;
				CLANG_WARN_EMPTY_BODY = YES;
				CLANG_WARN_ENUM_CONVERSION = YES;
				CLANG_WARN_INFINITE_RECURSION = YES;
				CLANG_WARN_INT_CONVERSION = YES;
				CLANG_WARN_NON_LITERAL_NULL_CONVERSION = YES;
				CLANG_WARN_OBJC_IMPLICIT_RETAIN_SELF = YES;
				CLANG_WARN_OBJC_LITERAL_CONVERSION = YES;
				CLANG_WARN_OBJC_ROOT_CLASS = YES_ERROR;
				CLANG_WARN_RANGE_LOOP_ANALYSIS = YES;
				CLANG_WARN_STRICT_PROTOTYPES = YES;
				CLANG_WARN_SUSPICIOUS_MOVE = YES;
				CLANG_WARN_UNGUARDED_AVAILABILITY = YES_AGGRESSIVE;
				CLANG_WARN_UNREACHABLE_CODE = YES;
				CLANG_WARN__DUPLICATE_METHOD_MATCH = YES;
				CODE_SIGN_IDENTITY = "iPhone Developer";
				COPY_PHASE_STRIP = NO;
				CURRENT_PROJECT_VERSION = 1;
				DEBUG_INFORMATION_FORMAT = dwarf;
				ENABLE_STRICT_OBJC_MSGSEND = YES;
				ENABLE_TESTABILITY = YES;
				GCC_C_LANGUAGE_STANDARD = gnu11;
				GCC_DYNAMIC_NO_PIC = NO;
				GCC_NO_COMMON_BLOCKS = YES;
				GCC_OPTIMIZATION_LEVEL = 0;
				GCC_PREPROCESSOR_DEFINITIONS = (
					"DEBUG=1",
					"$(inherited)",
				);
				GCC_WARN_64_TO_32_BIT_CONVERSION = YES;
				GCC_WARN_ABOUT_RETURN_TYPE = YES_ERROR;
				GCC_WARN_UNDECLARED_SELECTOR = YES;
				GCC_WARN_UNINITIALIZED_AUTOS = YES_AGGRESSIVE;
				GCC_WARN_UNUSED_FUNCTION = YES;
				GCC_WARN_UNUSED_VARIABLE = YES;
				IPHONEOS_DEPLOYMENT_TARGET = 9.0;
				MTL_ENABLE_DEBUG_INFO = YES;
				ONLY_ACTIVE_ARCH = YES;
				SDKROOT = iphoneos;
				SWIFT_ACTIVE_COMPILATION_CONDITIONS = DEBUG;
				SWIFT_OPTIMIZATION_LEVEL = "-Onone";
				VERSIONING_SYSTEM = "apple-generic";
				VERSION_INFO_PREFIX = "";
			};
			name = Debug;
		};
		395193DF21345ABE008F961C /* Release */ = {
			isa = XCBuildConfiguration;
			buildSettings = {
				ALWAYS_SEARCH_USER_PATHS = NO;
				CLANG_ANALYZER_NONNULL = YES;
				CLANG_ANALYZER_NUMBER_OBJECT_CONVERSION = YES_AGGRESSIVE;
				CLANG_CXX_LANGUAGE_STANDARD = "gnu++14";
				CLANG_CXX_LIBRARY = "libc++";
				CLANG_ENABLE_MODULES = YES;
				CLANG_ENABLE_OBJC_ARC = YES;
				CLANG_ENABLE_OBJC_WEAK = YES;
				CLANG_WARN_BLOCK_CAPTURE_AUTORELEASING = YES;
				CLANG_WARN_BOOL_CONVERSION = YES;
				CLANG_WARN_COMMA = YES;
				CLANG_WARN_CONSTANT_CONVERSION = YES;
				CLANG_WARN_DEPRECATED_OBJC_IMPLEMENTATIONS = YES;
				CLANG_WARN_DIRECT_OBJC_ISA_USAGE = YES_ERROR;
				CLANG_WARN_DOCUMENTATION_COMMENTS = YES;
				CLANG_WARN_EMPTY_BODY = YES;
				CLANG_WARN_ENUM_CONVERSION = YES;
				CLANG_WARN_INFINITE_RECURSION = YES;
				CLANG_WARN_INT_CONVERSION = YES;
				CLANG_WARN_NON_LITERAL_NULL_CONVERSION = YES;
				CLANG_WARN_OBJC_IMPLICIT_RETAIN_SELF = YES;
				CLANG_WARN_OBJC_LITERAL_CONVERSION = YES;
				CLANG_WARN_OBJC_ROOT_CLASS = YES_ERROR;
				CLANG_WARN_RANGE_LOOP_ANALYSIS = YES;
				CLANG_WARN_STRICT_PROTOTYPES = YES;
				CLANG_WARN_SUSPICIOUS_MOVE = YES;
				CLANG_WARN_UNGUARDED_AVAILABILITY = YES_AGGRESSIVE;
				CLANG_WARN_UNREACHABLE_CODE = YES;
				CLANG_WARN__DUPLICATE_METHOD_MATCH = YES;
				CODE_SIGN_IDENTITY = "iPhone Developer";
				COPY_PHASE_STRIP = NO;
				CURRENT_PROJECT_VERSION = 1;
				DEBUG_INFORMATION_FORMAT = "dwarf-with-dsym";
				ENABLE_NS_ASSERTIONS = NO;
				ENABLE_STRICT_OBJC_MSGSEND = YES;
				GCC_C_LANGUAGE_STANDARD = gnu11;
				GCC_NO_COMMON_BLOCKS = YES;
				GCC_WARN_64_TO_32_BIT_CONVERSION = YES;
				GCC_WARN_ABOUT_RETURN_TYPE = YES_ERROR;
				GCC_WARN_UNDECLARED_SELECTOR = YES;
				GCC_WARN_UNINITIALIZED_AUTOS = YES_AGGRESSIVE;
				GCC_WARN_UNUSED_FUNCTION = YES;
				GCC_WARN_UNUSED_VARIABLE = YES;
				IPHONEOS_DEPLOYMENT_TARGET = 9.0;
				MTL_ENABLE_DEBUG_INFO = NO;
				SDKROOT = iphoneos;
				SWIFT_COMPILATION_MODE = wholemodule;
				SWIFT_OPTIMIZATION_LEVEL = "-O";
				VALIDATE_PRODUCT = YES;
				VERSIONING_SYSTEM = "apple-generic";
				VERSION_INFO_PREFIX = "";
			};
			name = Release;
		};
		395193E121345ABE008F961C /* Debug */ = {
			isa = XCBuildConfiguration;
			buildSettings = {
				APPLICATION_EXTENSION_API_ONLY = NO;
				CLANG_ENABLE_MODULES = YES;
				CODE_SIGN_IDENTITY = "";
				CODE_SIGN_STYLE = Automatic;
				DEFINES_MODULE = YES;
				DEVELOPMENT_TEAM = DG59465FT9;
				DYLIB_COMPATIBILITY_VERSION = 1;
				DYLIB_CURRENT_VERSION = 1;
				DYLIB_INSTALL_NAME_BASE = "@rpath";
				INFOPLIST_FILE = AdnuntiusSDK/Info.plist;
				INSTALL_PATH = "$(LOCAL_LIBRARY_DIR)/Frameworks";
				IPHONEOS_DEPLOYMENT_TARGET = 9.0;
				LD_RUNPATH_SEARCH_PATHS = (
					"$(inherited)",
					"@executable_path/Frameworks",
					"@loader_path/Frameworks",
				);
				PRODUCT_BUNDLE_IDENTIFIER = Adnuntius.AdnuntiusSDK;
				PRODUCT_NAME = "$(TARGET_NAME:c99extidentifier)";
				SKIP_INSTALL = YES;
				SWIFT_OPTIMIZATION_LEVEL = "-Onone";
				SWIFT_VERSION = 4.2;
				TARGETED_DEVICE_FAMILY = "1,2";
			};
			name = Debug;
		};
		395193E221345ABE008F961C /* Release */ = {
			isa = XCBuildConfiguration;
			buildSettings = {
				APPLICATION_EXTENSION_API_ONLY = NO;
				CLANG_ENABLE_MODULES = YES;
				CODE_SIGN_IDENTITY = "";
				CODE_SIGN_STYLE = Automatic;
				DEFINES_MODULE = YES;
				DEVELOPMENT_TEAM = DG59465FT9;
				DYLIB_COMPATIBILITY_VERSION = 1;
				DYLIB_CURRENT_VERSION = 1;
				DYLIB_INSTALL_NAME_BASE = "@rpath";
				INFOPLIST_FILE = AdnuntiusSDK/Info.plist;
				INSTALL_PATH = "$(LOCAL_LIBRARY_DIR)/Frameworks";
				IPHONEOS_DEPLOYMENT_TARGET = 9.0;
				LD_RUNPATH_SEARCH_PATHS = (
					"$(inherited)",
					"@executable_path/Frameworks",
					"@loader_path/Frameworks",
				);
				PRODUCT_BUNDLE_IDENTIFIER = Adnuntius.AdnuntiusSDK;
				PRODUCT_NAME = "$(TARGET_NAME:c99extidentifier)";
				SKIP_INSTALL = YES;
				SWIFT_VERSION = 4.2;
				TARGETED_DEVICE_FAMILY = "1,2";
			};
			name = Release;
		};
		395193E721345B8E008F961C /* Debug */ = {
			isa = XCBuildConfiguration;
			buildSettings = {
				CODE_SIGN_STYLE = Automatic;
				DEVELOPMENT_TEAM = DG59465FT9;
				ONLY_ACTIVE_ARCH = NO;
				PRODUCT_NAME = "$(TARGET_NAME)";
			};
			name = Debug;
		};
		395193E821345B8E008F961C /* Release */ = {
			isa = XCBuildConfiguration;
			buildSettings = {
				CODE_SIGN_STYLE = Automatic;
				DEVELOPMENT_TEAM = DG59465FT9;
				ONLY_ACTIVE_ARCH = NO;
				PRODUCT_NAME = "$(TARGET_NAME)";
			};
			name = Release;
		};
/* End XCBuildConfiguration section */

/* Begin XCConfigurationList section */
		395193D221345ABE008F961C /* Build configuration list for PBXProject "AdnuntiusSDK" */ = {
			isa = XCConfigurationList;
			buildConfigurations = (
				395193DE21345ABE008F961C /* Debug */,
				395193DF21345ABE008F961C /* Release */,
			);
			defaultConfigurationIsVisible = 0;
			defaultConfigurationName = Release;
		};
		395193E021345ABE008F961C /* Build configuration list for PBXNativeTarget "AdnuntiusSDK" */ = {
			isa = XCConfigurationList;
			buildConfigurations = (
				395193E121345ABE008F961C /* Debug */,
				395193E221345ABE008F961C /* Release */,
			);
			defaultConfigurationIsVisible = 0;
			defaultConfigurationName = Release;
		};
		395193E621345B8E008F961C /* Build configuration list for PBXAggregateTarget "UniversalAdnuntiusSDK" */ = {
			isa = XCConfigurationList;
			buildConfigurations = (
				395193E721345B8E008F961C /* Debug */,
				395193E821345B8E008F961C /* Release */,
			);
			defaultConfigurationIsVisible = 0;
			defaultConfigurationName = Release;
		};
/* End XCConfigurationList section */
	};
	rootObject = 395193CF21345ABE008F961C /* Project object */;
}
